
Microsoft Visual Studio Solution File, Format Version 12.00
# Visual Studio 15
VisualStudioVersion = 15.0.28307.1022
MinimumVisualStudioVersion = 10.0.40219.1
Project("{FAE04EC0-301F-11D3-BF4B-00C04F79EFBC}") = "B_ProcessView", "B_ProcessView\B_ProcessView.csproj", "{FF014521-5FDC-4E0F-AF4D-417C9685F9A0}"
EndProject
Global
	GlobalSection(SolutionConfigurationPlatforms) = preSolution
		Debug|Any CPU = Debug|Any CPU
		Release|Any CPU = Release|Any CPU
	EndGlobalSection
	GlobalSection(ProjectConfigurationPlatforms) = postSolution
		{FF014521-5FDC-4E0F-AF4D-417C9685F9A0}.Debug|Any CPU.ActiveCfg = Debug|Any CPU
		{FF014521-5FDC-4E0F-AF4D-417C9685F9A0}.Debug|Any CPU.Build.0 = Debug|Any CPU
		{FF014521-5FDC-4E0F-AF4D-417C9685F9A0}.Release|Any CPU.ActiveCfg = Release|Any CPU
		{FF014521-5FDC-4E0F-AF4D-417C9685F9A0}.Release|Any CPU.Build.0 = Release|Any CPU
	EndGlobalSection
	GlobalSection(SolutionProperties) = preSolution
		HideSolutionNode = FALSE
	EndGlobalSection
	GlobalSection(ExtensibilityGlobals) = postSolution
		SolutionGuid = {96F353B2-601E-454B-B2D5-869AD7705F71}
	EndGlobalSection
EndGlobal
