
Microsoft Visual Studio Solution File, Format Version 12.00
# Visual Studio 15
VisualStudioVersion = 15.0.28307.1231
MinimumVisualStudioVersion = 10.0.40219.1
Project("{FAE04EC0-301F-11D3-BF4B-00C04F79EFBC}") = "B_FormView", "B_FormView\B_FormView.csproj", "{BB6CEBB3-FA55-41AD-B29E-F5AFBD9E0022}"
EndProject
Global
	GlobalSection(SolutionConfigurationPlatforms) = preSolution
		Debug|Any CPU = Debug|Any CPU
		Release|Any CPU = Release|Any CPU
	EndGlobalSection
	GlobalSection(ProjectConfigurationPlatforms) = postSolution
		{BB6CEBB3-FA55-41AD-B29E-F5AFBD9E0022}.Debug|Any CPU.ActiveCfg = Debug|Any CPU
		{BB6CEBB3-FA55-41AD-B29E-F5AFBD9E0022}.Debug|Any CPU.Build.0 = Debug|Any CPU
		{BB6CEBB3-FA55-41AD-B29E-F5AFBD9E0022}.Release|Any CPU.ActiveCfg = Release|Any CPU
		{BB6CEBB3-FA55-41AD-B29E-F5AFBD9E0022}.Release|Any CPU.Build.0 = Release|Any CPU
	EndGlobalSection
	GlobalSection(SolutionProperties) = preSolution
		HideSolutionNode = FALSE
	EndGlobalSection
	GlobalSection(ExtensibilityGlobals) = postSolution
		SolutionGuid = {58C0DF3A-CFB5-44A7-8C7D-DF3A297E72B2}
	EndGlobalSection
EndGlobal
