
Microsoft Visual Studio Solution File, Format Version 12.00
# Visual Studio 15
VisualStudioVersion = 15.0.28307.1231
MinimumVisualStudioVersion = 10.0.40219.1
Project("{FAE04EC0-301F-11D3-BF4B-00C04F79EFBC}") = "B_RBMsg", "B_RBMsg\B_RBMsg.csproj", "{C109705A-A1FC-496D-A363-3A3BE1C6D16F}"
EndProject
Global
	GlobalSection(SolutionConfigurationPlatforms) = preSolution
		Debug|Any CPU = Debug|Any CPU
		Release|Any CPU = Release|Any CPU
	EndGlobalSection
	GlobalSection(ProjectConfigurationPlatforms) = postSolution
		{C109705A-A1FC-496D-A363-3A3BE1C6D16F}.Debug|Any CPU.ActiveCfg = Debug|Any CPU
		{C109705A-A1FC-496D-A363-3A3BE1C6D16F}.Debug|Any CPU.Build.0 = Debug|Any CPU
		{C109705A-A1FC-496D-A363-3A3BE1C6D16F}.Release|Any CPU.ActiveCfg = Release|Any CPU
		{C109705A-A1FC-496D-A363-3A3BE1C6D16F}.Release|Any CPU.Build.0 = Release|Any CPU
	EndGlobalSection
	GlobalSection(SolutionProperties) = preSolution
		HideSolutionNode = FALSE
	EndGlobalSection
	GlobalSection(ExtensibilityGlobals) = postSolution
		SolutionGuid = {AD94357A-A0D8-46B0-84D9-F055CF2B33E0}
	EndGlobalSection
EndGlobal
